{
  "name": "github-issue-jump",
  "version": "1.0.0",
  "lockfileVersion": 1,
  "requires": true,
  "dependencies": {
    "hotkeys-js": {
      "version": "3.4.1",
      "resolved": "http://registry.npm.souche-inc.com/hotkeys-js/download/hotkeys-js-3.4.1.tgz",
      "integrity": "sha1-IxI0Aw7Wd0SaDFkkvs+MWIVdfq0="
    }
  }
}
